
Microsoft Visual Studio Solution File, Format Version 12.00
# Visual Studio Version 17
VisualStudioVersion = 17.8.34316.72
MinimumVisualStudioVersion = 10.0.40219.1
Project("{9A19103F-16F7-4668-BE54-9A1E7A4F7556}") = "Dapper.Web", "MusteriYonetimSistemi.API\Dapper.Web.csproj", "{83A3AA59-9CD3-4C2E-9084-D56EDB4910F9}"
EndProject
Project("{9A19103F-16F7-4668-BE54-9A1E7A4F7556}") = "Dapper.Infrastructure", "Dapper.Infrastructure\Dapper.Infrastructure.csproj", "{5F6C3CF2-A199-4B0B-9049-3C81C6D47B28}"
EndProject
Project("{9A19103F-16F7-4668-BE54-9A1E7A4F7556}") = "Dapper.Application", "Dapper.Application\Dapper.Application.csproj", "{51E13C07-A228-48EE-A522-AB2BADC0C01E}"
EndProject
Project("{9A19103F-16F7-4668-BE54-9A1E7A4F7556}") = "Dapper.Core", "Dapper.Core\Dapper.Core.csproj", "{7E8E970E-7323-4D89-94A3-2E442BFE6529}"
EndProject
Project("{2150E333-8FDC-42A3-9474-1A3956D46DE8}") = "MyDb", "MyDb", "{B7EF452E-7746-45BB-99E3-DEEF0E43D8C0}"
	ProjectSection(SolutionItems) = preProject
		MusteriYonetimSistemi.API\myDb2.bak = MusteriYonetimSistemi.API\myDb2.bak
	EndProjectSection
EndProject
Global
	GlobalSection(SolutionConfigurationPlatforms) = preSolution
		Debug|Any CPU = Debug|Any CPU
		Release|Any CPU = Release|Any CPU
	EndGlobalSection
	GlobalSection(ProjectConfigurationPlatforms) = postSolution
		{83A3AA59-9CD3-4C2E-9084-D56EDB4910F9}.Debug|Any CPU.ActiveCfg = Debug|Any CPU
		{83A3AA59-9CD3-4C2E-9084-D56EDB4910F9}.Debug|Any CPU.Build.0 = Debug|Any CPU
		{83A3AA59-9CD3-4C2E-9084-D56EDB4910F9}.Release|Any CPU.ActiveCfg = Release|Any CPU
		{83A3AA59-9CD3-4C2E-9084-D56EDB4910F9}.Release|Any CPU.Build.0 = Release|Any CPU
		{5F6C3CF2-A199-4B0B-9049-3C81C6D47B28}.Debug|Any CPU.ActiveCfg = Debug|Any CPU
		{5F6C3CF2-A199-4B0B-9049-3C81C6D47B28}.Debug|Any CPU.Build.0 = Debug|Any CPU
		{5F6C3CF2-A199-4B0B-9049-3C81C6D47B28}.Release|Any CPU.ActiveCfg = Release|Any CPU
		{5F6C3CF2-A199-4B0B-9049-3C81C6D47B28}.Release|Any CPU.Build.0 = Release|Any CPU
		{51E13C07-A228-48EE-A522-AB2BADC0C01E}.Debug|Any CPU.ActiveCfg = Debug|Any CPU
		{51E13C07-A228-48EE-A522-AB2BADC0C01E}.Debug|Any CPU.Build.0 = Debug|Any CPU
		{51E13C07-A228-48EE-A522-AB2BADC0C01E}.Release|Any CPU.ActiveCfg = Release|Any CPU
		{51E13C07-A228-48EE-A522-AB2BADC0C01E}.Release|Any CPU.Build.0 = Release|Any CPU
		{7E8E970E-7323-4D89-94A3-2E442BFE6529}.Debug|Any CPU.ActiveCfg = Debug|Any CPU
		{7E8E970E-7323-4D89-94A3-2E442BFE6529}.Debug|Any CPU.Build.0 = Debug|Any CPU
		{7E8E970E-7323-4D89-94A3-2E442BFE6529}.Release|Any CPU.ActiveCfg = Release|Any CPU
		{7E8E970E-7323-4D89-94A3-2E442BFE6529}.Release|Any CPU.Build.0 = Release|Any CPU
	EndGlobalSection
	GlobalSection(SolutionProperties) = preSolution
		HideSolutionNode = FALSE
	EndGlobalSection
	GlobalSection(ExtensibilityGlobals) = postSolution
		SolutionGuid = {87DA0073-9F09-4CCD-9218-074D85D1DF98}
	EndGlobalSection
EndGlobal
